{
  "pins" : [
    {
      "identity" : "OpenSSL",
      "kind" : "remoteSourceControl",
      "location" : "https://github.com/krzyzanowskim/OpenSSL",
      "state" : {
        "revision" : "fc1a97a787482af67514d4630a7184480fea423e",
        "version" : "3.3.3000"
      }
    },
    {
      "identity" : "swiftybeaver",
      "kind" : "remoteSourceControl",
      "location" : "https://github.com/SwiftyBeaver/SwiftyBeaver",
      "state" : {
        "revision" : "12b5acf96d98f91d50de447369bd18df74600f1a",
        "version" : "1.9.6"
      }
    },
    {
      "identity" : "wireguard-apple",
      "kind" : "remoteSourceControl",
      "location" : "https://github.com/dovanvu1792/wireguard-apple",
      "state" : {
        "branch" : "master",
        "revision" : "2fec12a6e1f6e3460b6ee483aa00ad29cddadab1"
      }
    }
  ],
  "version" : 2
}
